
Microsoft Visual Studio Solution File, Format Version 12.00
# Visual Studio Version 16
VisualStudioVersion = 16.0.30611.23
MinimumVisualStudioVersion = 10.0.40219.1
Project("{8BC9CEB8-8B4A-11D0-8D11-00A0C91BC942}") = "Class Task Master Practice", "Class Task Master Practice\Class Task Master Practice.vcxproj", "{6AE2139E-8FE5-46CE-B762-684B8C698093}"
EndProject
Global
	GlobalSection(SolutionConfigurationPlatforms) = preSolution
		Debug|x64 = Debug|x64
		Debug|x86 = Debug|x86
		Release|x64 = Release|x64
		Release|x86 = Release|x86
	EndGlobalSection
	GlobalSection(ProjectConfigurationPlatforms) = postSolution
		{6AE2139E-8FE5-46CE-B762-684B8C698093}.Debug|x64.ActiveCfg = Debug|x64
		{6AE2139E-8FE5-46CE-B762-684B8C698093}.Debug|x64.Build.0 = Debug|x64
		{6AE2139E-8FE5-46CE-B762-684B8C698093}.Debug|x86.ActiveCfg = Debug|Win32
		{6AE2139E-8FE5-46CE-B762-684B8C698093}.Debug|x86.Build.0 = Debug|Win32
		{6AE2139E-8FE5-46CE-B762-684B8C698093}.Release|x64.ActiveCfg = Release|x64
		{6AE2139E-8FE5-46CE-B762-684B8C698093}.Release|x64.Build.0 = Release|x64
		{6AE2139E-8FE5-46CE-B762-684B8C698093}.Release|x86.ActiveCfg = Release|Win32
		{6AE2139E-8FE5-46CE-B762-684B8C698093}.Release|x86.Build.0 = Release|Win32
	EndGlobalSection
	GlobalSection(SolutionProperties) = preSolution
		HideSolutionNode = FALSE
	EndGlobalSection
	GlobalSection(ExtensibilityGlobals) = postSolution
		SolutionGuid = {DE8821FB-ABEA-4B58-BFE1-22FE7739CB28}
	EndGlobalSection
EndGlobal
